// !$*UTF8*$!
{
	archiveVersion = 1;
	classes = {
	};
	objectVersion = 46;
	objects = {

/* Begin PBXBuildFile section */
		3A13A6B71963C55C00A7549B /* Foundation.framework in Frameworks */ = {isa = PBXBuildFile; fileRef = 3A13A6B61963C55C00A7549B /* Foundation.framework */; };
		3A13A6B91963C55C00A7549B /* CoreGraphics.framework in Frameworks */ = {isa = PBXBuildFile; fileRef = 3A13A6B81963C55C00A7549B /* CoreGraphics.framework */; };
		3A13A6BB1963C55C00A7549B /* UIKit.framework in Frameworks */ = {isa = PBXBuildFile; fileRef = 3A13A6BA1963C55C00A7549B /* UIKit.framework */; };
		3A13A6C11963C55C00A7549B /* InfoPlist.strings in Resources */ = {isa = PBXBuildFile; fileRef = 3A13A6BF1963C55C00A7549B /* InfoPlist.strings */; };
		3A13A6C31963C55C00A7549B /* main.m in Sources */ = {isa = PBXBuildFile; fileRef = 3A13A6C21963C55C00A7549B /* main.m */; };
		3A13A6C71963C55C00A7549B /* TLAppDelegate.m in Sources */ = {isa = PBXBuildFile; fileRef = 3A13A6C61963C55C00A7549B /* TLAppDelegate.m */; };
		3A13A6C91963C55C00A7549B /* Images.xcassets in Resources */ = {isa = PBXBuildFile; fileRef = 3A13A6C81963C55C00A7549B /* Images.xcassets */; };
		3A13A6D01963C55D00A7549B /* XCTest.framework in Frameworks */ = {isa = PBXBuildFile; fileRef = 3A13A6CF1963C55D00A7549B /* XCTest.framework */; };
		3A13A6D11963C55D00A7549B /* Foundation.framework in Frameworks */ = {isa = PBXBuildFile; fileRef = 3A13A6B61963C55C00A7549B /* Foundation.framework */; };
		3A13A6D21963C55D00A7549B /* UIKit.framework in Frameworks */ = {isa = PBXBuildFile; fileRef = 3A13A6BA1963C55C00A7549B /* UIKit.framework */; };
		3A13A6DA1963C55D00A7549B /* InfoPlist.strings in Resources */ = {isa = PBXBuildFile; fileRef = 3A13A6D81963C55D00A7549B /* InfoPlist.strings */; };
		3A13A6DC1963C55D00A7549B /* imgBase64DataTests.m in Sources */ = {isa = PBXBuildFile; fileRef = 3A13A6DB1963C55D00A7549B /* imgBase64DataTests.m */; };
		3A13A6E71963C5B000A7549B /* MainVC.m in Sources */ = {isa = PBXBuildFile; fileRef = 3A13A6E61963C5B000A7549B /* MainVC.m */; };
		3A13A6E91963CBBD00A7549B /* MobileCoreServices.framework in Frameworks */ = {isa = PBXBuildFile; fileRef = 3A13A6E81963CBBD00A7549B /* MobileCoreServices.framework */; };
/* End PBXBuildFile section */

/* Begin PBXContainerItemProxy section */
		3A13A6D31963C55D00A7549B /* PBXContainerItemProxy */ = {
			isa = PBXContainerItemProxy;
			containerPortal = 3A13A6AB1963C55C00A7549B /* Project object */;
			proxyType = 1;
			remoteGlobalIDString = 3A13A6B21963C55C00A7549B;
			remoteInfo = imgBase64Data;
		};
/* End PBXContainerItemProxy section */

/* Begin PBXFileReference section */
		3A13A6B31963C55C00A7549B /* GetBase64.app */ = {isa = PBXFileReference; explicitFileType = wrapper.application; includeInIndex = 0; path = GetBase64.app; sourceTree = BUILT_PRODUCTS_DIR; };
		3A13A6B61963C55C00A7549B /* Foundation.framework */ = {isa = PBXFileReference; lastKnownFileType = wrapper.framework; name = Foundation.framework; path = System/Library/Frameworks/Foundation.framework; sourceTree = SDKROOT; };
		3A13A6B81963C55C00A7549B /* CoreGraphics.framework */ = {isa = PBXFileReference; lastKnownFileType = wrapper.framework; name = CoreGraphics.framework; path = System/Library/Frameworks/CoreGraphics.framework; sourceTree = SDKROOT; };
		3A13A6BA1963C55C00A7549B /* UIKit.framework */ = {isa = PBXFileReference; lastKnownFileType = wrapper.framework; name = UIKit.framework; path = System/Library/Frameworks/UIKit.framework; sourceTree = SDKROOT; };
		3A13A6BE1963C55C00A7549B /* GetBase64-Info.plist */ = {isa = PBXFileReference; lastKnownFileType = text.plist.xml; path = "GetBase64-Info.plist"; sourceTree = "<group>"; };
		3A13A6C01963C55C00A7549B /* en */ = {isa = PBXFileReference; lastKnownFileType = text.plist.strings; name = en; path = en.lproj/InfoPlist.strings; sourceTree = "<group>"; };
		3A13A6C21963C55C00A7549B /* main.m */ = {isa = PBXFileReference; lastKnownFileType = sourcecode.c.objc; path = main.m; sourceTree = "<group>"; };
		3A13A6C41963C55C00A7549B /* GetBase64-Prefix.pch */ = {isa = PBXFileReference; lastKnownFileType = sourcecode.c.h; path = "GetBase64-Prefix.pch"; sourceTree = "<group>"; };
		3A13A6C51963C55C00A7549B /* TLAppDelegate.h */ = {isa = PBXFileReference; lastKnownFileType = sourcecode.c.h; path = TLAppDelegate.h; sourceTree = "<group>"; };
		3A13A6C61963C55C00A7549B /* TLAppDelegate.m */ = {isa = PBXFileReference; lastKnownFileType = sourcecode.c.objc; path = TLAppDelegate.m; sourceTree = "<group>"; };
		3A13A6C81963C55C00A7549B /* Images.xcassets */ = {isa = PBXFileReference; lastKnownFileType = folder.assetcatalog; path = Images.xcassets; sourceTree = "<group>"; };
		3A13A6CE1963C55D00A7549B /* GetBase64Tests.xctest */ = {isa = PBXFileReference; explicitFileType = wrapper.cfbundle; includeInIndex = 0; path = GetBase64Tests.xctest; sourceTree = BUILT_PRODUCTS_DIR; };
		3A13A6CF1963C55D00A7549B /* XCTest.framework */ = {isa = PBXFileReference; lastKnownFileType = wrapper.framework; name = XCTest.framework; path = Library/Frameworks/XCTest.framework; sourceTree = DEVELOPER_DIR; };
		3A13A6D71963C55D00A7549B /* GetBase64Tests-Info.plist */ = {isa = PBXFileReference; lastKnownFileType = text.plist.xml; path = "GetBase64Tests-Info.plist"; sourceTree = "<group>"; };
		3A13A6D91963C55D00A7549B /* en */ = {isa = PBXFileReference; lastKnownFileType = text.plist.strings; name = en; path = en.lproj/InfoPlist.strings; sourceTree = "<group>"; };
		3A13A6DB1963C55D00A7549B /* imgBase64DataTests.m */ = {isa = PBXFileReference; lastKnownFileType = sourcecode.c.objc; path = imgBase64DataTests.m; sourceTree = "<group>"; };
		3A13A6E51963C5B000A7549B /* MainVC.h */ = {isa = PBXFileReference; fileEncoding = 4; lastKnownFileType = sourcecode.c.h; path = MainVC.h; sourceTree = "<group>"; };
		3A13A6E61963C5B000A7549B /* MainVC.m */ = {isa = PBXFileReference; fileEncoding = 4; lastKnownFileType = sourcecode.c.objc; path = MainVC.m; sourceTree = "<group>"; };
		3A13A6E81963CBBD00A7549B /* MobileCoreServices.framework */ = {isa = PBXFileReference; lastKnownFileType = wrapper.framework; name = MobileCoreServices.framework; path = System/Library/Frameworks/MobileCoreServices.framework; sourceTree = SDKROOT; };
/* End PBXFileReference section */

/* Begin PBXFrameworksBuildPhase section */
		3A13A6B01963C55C00A7549B /* Frameworks */ = {
			isa = PBXFrameworksBuildPhase;
			buildActionMask = 2147483647;
			files = (
				3A13A6E91963CBBD00A7549B /* MobileCoreServices.framework in Frameworks */,
				3A13A6B91963C55C00A7549B /* CoreGraphics.framework in Frameworks */,
				3A13A6BB1963C55C00A7549B /* UIKit.framework in Frameworks */,
				3A13A6B71963C55C00A7549B /* Foundation.framework in Frameworks */,
			);
			runOnlyForDeploymentPostprocessing = 0;
		};
		3A13A6CB1963C55D00A7549B /* Frameworks */ = {
			isa = PBXFrameworksBuildPhase;
			buildActionMask = 2147483647;
			files = (
				3A13A6D01963C55D00A7549B /* XCTest.framework in Frameworks */,
				3A13A6D21963C55D00A7549B /* UIKit.framework in Frameworks */,
				3A13A6D11963C55D00A7549B /* Foundation.framework in Frameworks */,
			);
			runOnlyForDeploymentPostprocessing = 0;
		};
/* End PBXFrameworksBuildPhase section */

/* Begin PBXGroup section */
		3A13A6AA1963C55C00A7549B = {
			isa = PBXGroup;
			children = (
				3A13A6BC1963C55C00A7549B /* imgBase64Data */,
				3A13A6D51963C55D00A7549B /* imgBase64DataTests */,
				3A13A6B51963C55C00A7549B /* Frameworks */,
				3A13A6B41963C55C00A7549B /* Products */,
			);
			sourceTree = "<group>";
		};
		3A13A6B41963C55C00A7549B /* Products */ = {
			isa = PBXGroup;
			children = (
				3A13A6B31963C55C00A7549B /* GetBase64.app */,
				3A13A6CE1963C55D00A7549B /* GetBase64Tests.xctest */,
			);
			name = Products;
			sourceTree = "<group>";
		};
		3A13A6B51963C55C00A7549B /* Frameworks */ = {
			isa = PBXGroup;
			children = (
				3A13A6E81963CBBD00A7549B /* MobileCoreServices.framework */,
				3A13A6B61963C55C00A7549B /* Foundation.framework */,
				3A13A6B81963C55C00A7549B /* CoreGraphics.framework */,
				3A13A6BA1963C55C00A7549B /* UIKit.framework */,
				3A13A6CF1963C55D00A7549B /* XCTest.framework */,
			);
			name = Frameworks;
			sourceTree = "<group>";
		};
		3A13A6BC1963C55C00A7549B /* imgBase64Data */ = {
			isa = PBXGroup;
			children = (
				3A13A6C51963C55C00A7549B /* TLAppDelegate.h */,
				3A13A6C61963C55C00A7549B /* TLAppDelegate.m */,
				3A13A6C81963C55C00A7549B /* Images.xcassets */,
				3A13A6BD1963C55C00A7549B /* Supporting Files */,
				3A13A6E51963C5B000A7549B /* MainVC.h */,
				3A13A6E61963C5B000A7549B /* MainVC.m */,
			);
			path = imgBase64Data;
			sourceTree = "<group>";
		};
		3A13A6BD1963C55C00A7549B /* Supporting Files */ = {
			isa = PBXGroup;
			children = (
				3A13A6BE1963C55C00A7549B /* GetBase64-Info.plist */,
				3A13A6BF1963C55C00A7549B /* InfoPlist.strings */,
				3A13A6C21963C55C00A7549B /* main.m */,
				3A13A6C41963C55C00A7549B /* GetBase64-Prefix.pch */,
			);
			name = "Supporting Files";
			sourceTree = "<group>";
		};
		3A13A6D51963C55D00A7549B /* imgBase64DataTests */ = {
			isa = PBXGroup;
			children = (
				3A13A6DB1963C55D00A7549B /* imgBase64DataTests.m */,
				3A13A6D61963C55D00A7549B /* Supporting Files */,
			);
			path = imgBase64DataTests;
			sourceTree = "<group>";
		};
		3A13A6D61963C55D00A7549B /* Supporting Files */ = {
			isa = PBXGroup;
			children = (
				3A13A6D71963C55D00A7549B /* GetBase64Tests-Info.plist */,
				3A13A6D81963C55D00A7549B /* InfoPlist.strings */,
			);
			name = "Supporting Files";
			sourceTree = "<group>";
		};
/* End PBXGroup section */

/* Begin PBXNativeTarget section */
		3A13A6B21963C55C00A7549B /* GetBase64 */ = {
			isa = PBXNativeTarget;
			buildConfigurationList = 3A13A6DF1963C55D00A7549B /* Build configuration list for PBXNativeTarget "GetBase64" */;
			buildPhases = (
				3A13A6AF1963C55C00A7549B /* Sources */,
				3A13A6B01963C55C00A7549B /* Frameworks */,
				3A13A6B11963C55C00A7549B /* Resources */,
			);
			buildRules = (
			);
			dependencies = (
			);
			name = GetBase64;
			productName = imgBase64Data;
			productReference = 3A13A6B31963C55C00A7549B /* GetBase64.app */;
			productType = "com.apple.product-type.application";
		};
		3A13A6CD1963C55D00A7549B /* GetBase64Tests */ = {
			isa = PBXNativeTarget;
			buildConfigurationList = 3A13A6E21963C55D00A7549B /* Build configuration list for PBXNativeTarget "GetBase64Tests" */;
			buildPhases = (
				3A13A6CA1963C55D00A7549B /* Sources */,
				3A13A6CB1963C55D00A7549B /* Frameworks */,
				3A13A6CC1963C55D00A7549B /* Resources */,
			);
			buildRules = (
			);
			dependencies = (
				3A13A6D41963C55D00A7549B /* PBXTargetDependency */,
			);
			name = GetBase64Tests;
			productName = imgBase64DataTests;
			productReference = 3A13A6CE1963C55D00A7549B /* GetBase64Tests.xctest */;
			productType = "com.apple.product-type.bundle.unit-test";
		};
/* End PBXNativeTarget section */

/* Begin PBXProject section */
		3A13A6AB1963C55C00A7549B /* Project object */ = {
			isa = PBXProject;
			attributes = {
				CLASSPREFIX = TL;
				LastUpgradeCheck = 0510;
				ORGANIZATIONNAME = rossitek;
				TargetAttributes = {
					3A13A6CD1963C55D00A7549B = {
						TestTargetID = 3A13A6B21963C55C00A7549B;
					};
				};
			};
			buildConfigurationList = 3A13A6AE1963C55C00A7549B /* Build configuration list for PBXProject "GetBase64" */;
			compatibilityVersion = "Xcode 3.2";
			developmentRegion = English;
			hasScannedForEncodings = 0;
			knownRegions = (
				en,
			);
			mainGroup = 3A13A6AA1963C55C00A7549B;
			productRefGroup = 3A13A6B41963C55C00A7549B /* Products */;
			projectDirPath = "";
			projectRoot = "";
			targets = (
				3A13A6B21963C55C00A7549B /* GetBase64 */,
				3A13A6CD1963C55D00A7549B /* GetBase64Tests */,
			);
		};
/* End PBXProject section */

/* Begin PBXResourcesBuildPhase section */
		3A13A6B11963C55C00A7549B /* Resources */ = {
			isa = PBXResourcesBuildPhase;
			buildActionMask = 2147483647;
			files = (
				3A13A6C11963C55C00A7549B /* InfoPlist.strings in Resources */,
				3A13A6C91963C55C00A7549B /* Images.xcassets in Resources */,
			);
			runOnlyForDeploymentPostprocessing = 0;
		};
		3A13A6CC1963C55D00A7549B /* Resources */ = {
			isa = PBXResourcesBuildPhase;
			buildActionMask = 2147483647;
			files = (
				3A13A6DA1963C55D00A7549B /* InfoPlist.strings in Resources */,
			);
			runOnlyForDeploymentPostprocessing = 0;
		};
/* End PBXResourcesBuildPhase section */

/* Begin PBXSourcesBuildPhase section */
		3A13A6AF1963C55C00A7549B /* Sources */ = {
			isa = PBXSourcesBuildPhase;
			buildActionMask = 2147483647;
			files = (
				3A13A6E71963C5B000A7549B /* MainVC.m in Sources */,
				3A13A6C71963C55C00A7549B /* TLAppDelegate.m in Sources */,
				3A13A6C31963C55C00A7549B /* main.m in Sources */,
			);
			runOnlyForDeploymentPostprocessing = 0;
		};
		3A13A6CA1963C55D00A7549B /* Sources */ = {
			isa = PBXSourcesBuildPhase;
			buildActionMask = 2147483647;
			files = (
				3A13A6DC1963C55D00A7549B /* imgBase64DataTests.m in Sources */,
			);
			runOnlyForDeploymentPostprocessing = 0;
		};
/* End PBXSourcesBuildPhase section */

/* Begin PBXTargetDependency section */
		3A13A6D41963C55D00A7549B /* PBXTargetDependency */ = {
			isa = PBXTargetDependency;
			target = 3A13A6B21963C55C00A7549B /* GetBase64 */;
			targetProxy = 3A13A6D31963C55D00A7549B /* PBXContainerItemProxy */;
		};
/* End PBXTargetDependency section */

/* Begin PBXVariantGroup section */
		3A13A6BF1963C55C00A7549B /* InfoPlist.strings */ = {
			isa = PBXVariantGroup;
			children = (
				3A13A6C01963C55C00A7549B /* en */,
			);
			name = InfoPlist.strings;
			sourceTree = "<group>";
		};
		3A13A6D81963C55D00A7549B /* InfoPlist.strings */ = {
			isa = PBXVariantGroup;
			children = (
				3A13A6D91963C55D00A7549B /* en */,
			);
			name = InfoPlist.strings;
			sourceTree = "<group>";
		};
/* End PBXVariantGroup section */

/* Begin XCBuildConfiguration section */
		3A13A6DD1963C55D00A7549B /* Debug */ = {
			isa = XCBuildConfiguration;
			buildSettings = {
				ALWAYS_SEARCH_USER_PATHS = NO;
				CLANG_CXX_LANGUAGE_STANDARD = "gnu++0x";
				CLANG_CXX_LIBRARY = "libc++";
				CLANG_ENABLE_MODULES = YES;
				CLANG_ENABLE_OBJC_ARC = YES;
				CLANG_WARN_BOOL_CONVERSION = YES;
				CLANG_WARN_CONSTANT_CONVERSION = YES;
				CLANG_WARN_DIRECT_OBJC_ISA_USAGE = YES_ERROR;
				CLANG_WARN_EMPTY_BODY = YES;
				CLANG_WARN_ENUM_CONVERSION = YES;
				CLANG_WARN_INT_CONVERSION = YES;
				CLANG_WARN_OBJC_ROOT_CLASS = YES_ERROR;
				CLANG_WARN__DUPLICATE_METHOD_MATCH = YES;
				"CODE_SIGN_IDENTITY[sdk=iphoneos*]" = "iPhone Developer";
				COPY_PHASE_STRIP = NO;
				GCC_C_LANGUAGE_STANDARD = gnu99;
				GCC_DYNAMIC_NO_PIC = NO;
				GCC_OPTIMIZATION_LEVEL = 0;
				GCC_PREPROCESSOR_DEFINITIONS = (
					"DEBUG=1",
					"$(inherited)",
				);
				GCC_SYMBOLS_PRIVATE_EXTERN = NO;
				GCC_WARN_64_TO_32_BIT_CONVERSION = YES;
				GCC_WARN_ABOUT_RETURN_TYPE = YES_ERROR;
				GCC_WARN_UNDECLARED_SELECTOR = YES;
				GCC_WARN_UNINITIALIZED_AUTOS = YES_AGGRESSIVE;
				GCC_WARN_UNUSED_FUNCTION = YES;
				GCC_WARN_UNUSED_VARIABLE = YES;
				IPHONEOS_DEPLOYMENT_TARGET = 7.1;
				ONLY_ACTIVE_ARCH = YES;
				SDKROOT = iphoneos;
				TARGETED_DEVICE_FAMILY = "1,2";
			};
			name = Debug;
		};
		3A13A6DE1963C55D00A7549B /* Release */ = {
			isa = XCBuildConfiguration;
			buildSettings = {
				ALWAYS_SEARCH_USER_PATHS = NO;
				CLANG_CXX_LANGUAGE_STANDARD = "gnu++0x";
				CLANG_CXX_LIBRARY = "libc++";
				CLANG_ENABLE_MODULES = YES;
				CLANG_ENABLE_OBJC_ARC = YES;
				CLANG_WARN_BOOL_CONVERSION = YES;
				CLANG_WARN_CONSTANT_CONVERSION = YES;
				CLANG_WARN_DIRECT_OBJC_ISA_USAGE = YES_ERROR;
				CLANG_WARN_EMPTY_BODY = YES;
				CLANG_WARN_ENUM_CONVERSION = YES;
				CLANG_WARN_INT_CONVERSION = YES;
				CLANG_WARN_OBJC_ROOT_CLASS = YES_ERROR;
				CLANG_WARN__DUPLICATE_METHOD_MATCH = YES;
				"CODE_SIGN_IDENTITY[sdk=iphoneos*]" = "iPhone Developer";
				COPY_PHASE_STRIP = YES;
				ENABLE_NS_ASSERTIONS = NO;
				GCC_C_LANGUAGE_STANDARD = gnu99;
				GCC_WARN_64_TO_32_BIT_CONVERSION = YES;
				GCC_WARN_ABOUT_RETURN_TYPE = YES_ERROR;
				GCC_WARN_UNDECLARED_SELECTOR = YES;
				GCC_WARN_UNINITIALIZED_AUTOS = YES_AGGRESSIVE;
				GCC_WARN_UNUSED_FUNCTION = YES;
				GCC_WARN_UNUSED_VARIABLE = YES;
				IPHONEOS_DEPLOYMENT_TARGET = 7.1;
				SDKROOT = iphoneos;
				TARGETED_DEVICE_FAMILY = "1,2";
				VALIDATE_PRODUCT = YES;
			};
			name = Release;
		};
		3A13A6E01963C55D00A7549B /* Debug */ = {
			isa = XCBuildConfiguration;
			buildSettings = {
				ASSETCATALOG_COMPILER_APPICON_NAME = AppIcon;
				ASSETCATALOG_COMPILER_LAUNCHIMAGE_NAME = LaunchImage;
				GCC_PRECOMPILE_PREFIX_HEADER = YES;
				GCC_PREFIX_HEADER = "imgBase64Data/GetBase64-Prefix.pch";
				INFOPLIST_FILE = "imgBase64Data/GetBase64-Info.plist";
				IPHONEOS_DEPLOYMENT_TARGET = 6.0;
				PRODUCT_NAME = GetBase64;
				WRAPPER_EXTENSION = app;
			};
			name = Debug;
		};
		3A13A6E11963C55D00A7549B /* Release */ = {
			isa = XCBuildConfiguration;
			buildSettings = {
				ASSETCATALOG_COMPILER_APPICON_NAME = AppIcon;
				ASSETCATALOG_COMPILER_LAUNCHIMAGE_NAME = LaunchImage;
				GCC_PRECOMPILE_PREFIX_HEADER = YES;
				GCC_PREFIX_HEADER = "imgBase64Data/GetBase64-Prefix.pch";
				INFOPLIST_FILE = "imgBase64Data/GetBase64-Info.plist";
				IPHONEOS_DEPLOYMENT_TARGET = 6.0;
				PRODUCT_NAME = GetBase64;
				WRAPPER_EXTENSION = app;
			};
			name = Release;
		};
		3A13A6E31963C55D00A7549B /* Debug */ = {
			isa = XCBuildConfiguration;
			buildSettings = {
				BUNDLE_LOADER = "$(BUILT_PRODUCTS_DIR)/imgBase64Data.app/imgBase64Data";
				FRAMEWORK_SEARCH_PATHS = (
					"$(SDKROOT)/Developer/Library/Frameworks",
					"$(inherited)",
					"$(DEVELOPER_FRAMEWORKS_DIR)",
				);
				GCC_PRECOMPILE_PREFIX_HEADER = YES;
				GCC_PREFIX_HEADER = "imgBase64Data/imgBase64Data-Prefix.pch";
				GCC_PREPROCESSOR_DEFINITIONS = (
					"DEBUG=1",
					"$(inherited)",
				);
				INFOPLIST_FILE = "imgBase64DataTests/GetBase64Tests-Info.plist";
				PRODUCT_NAME = GetBase64Tests;
				TEST_HOST = "$(BUNDLE_LOADER)";
				WRAPPER_EXTENSION = xctest;
			};
			name = Debug;
		};
		3A13A6E41963C55D00A7549B /* Release */ = {
			isa = XCBuildConfiguration;
			buildSettings = {
				BUNDLE_LOADER = "$(BUILT_PRODUCTS_DIR)/imgBase64Data.app/imgBase64Data";
				FRAMEWORK_SEARCH_PATHS = (
					"$(SDKROOT)/Developer/Library/Frameworks",
					"$(inherited)",
					"$(DEVELOPER_FRAMEWORKS_DIR)",
				);
				GCC_PRECOMPILE_PREFIX_HEADER = YES;
				GCC_PREFIX_HEADER = "imgBase64Data/imgBase64Data-Prefix.pch";
				INFOPLIST_FILE = "imgBase64DataTests/GetBase64Tests-Info.plist";
				PRODUCT_NAME = GetBase64Tests;
				TEST_HOST = "$(BUNDLE_LOADER)";
				WRAPPER_EXTENSION = xctest;
			};
			name = Release;
		};
/* End XCBuildConfiguration section */

/* Begin XCConfigurationList section */
		3A13A6AE1963C55C00A7549B /* Build configuration list for PBXProject "GetBase64" */ = {
			isa = XCConfigurationList;
			buildConfigurations = (
				3A13A6DD1963C55D00A7549B /* Debug */,
				3A13A6DE1963C55D00A7549B /* Release */,
			);
			defaultConfigurationIsVisible = 0;
			defaultConfigurationName = Release;
		};
		3A13A6DF1963C55D00A7549B /* Build configuration list for PBXNativeTarget "GetBase64" */ = {
			isa = XCConfigurationList;
			buildConfigurations = (
				3A13A6E01963C55D00A7549B /* Debug */,
				3A13A6E11963C55D00A7549B /* Release */,
			);
			defaultConfigurationIsVisible = 0;
		};
		3A13A6E21963C55D00A7549B /* Build configuration list for PBXNativeTarget "GetBase64Tests" */ = {
			isa = XCConfigurationList;
			buildConfigurations = (
				3A13A6E31963C55D00A7549B /* Debug */,
				3A13A6E41963C55D00A7549B /* Release */,
			);
			defaultConfigurationIsVisible = 0;
		};
/* End XCConfigurationList section */
	};
	rootObject = 3A13A6AB1963C55C00A7549B /* Project object */;
}
